
Microsoft Visual Studio Solution File, Format Version 12.00
# Visual Studio 14
VisualStudioVersion = 14.0.23107.0
MinimumVisualStudioVersion = 10.0.40219.1
Project("{FAE04EC0-301F-11D3-BF4B-00C04F79EFBC}") = "XamForm5Minutes", "XamForm5Minutes\XamForm5Minutes\XamForm5Minutes.csproj", "{F1D5A909-D694-4543-8FB3-10B2623D6917}"
EndProject
Project("{FAE04EC0-301F-11D3-BF4B-00C04F79EFBC}") = "XamForm5Minutes.iOS", "XamForm5Minutes\XamForm5Minutes.iOS\XamForm5Minutes.iOS.csproj", "{1BA238DA-2E80-434F-AC96-E8950B5FE290}"
EndProject
Project("{FAE04EC0-301F-11D3-BF4B-00C04F79EFBC}") = "XamForm5Minutes.Droid", "XamForm5Minutes\XamForm5Minutes.Droid\XamForm5Minutes.Droid.csproj", "{7CAFC271-AC5A-43C4-B827-A2541A0E68E1}"
EndProject
Project("{FAE04EC0-301F-11D3-BF4B-00C04F79EFBC}") = "XamForm5Minutes.WinPhone", "XamForm5Minutes\XamForm5Minutes.WinPhone\XamForm5Minutes.WinPhone.csproj", "{307D8D65-0FC1-4243-846D-CC77D1C0C59B}"
EndProject
Global
	GlobalSection(SolutionConfigurationPlatforms) = preSolution
		Ad-Hoc|Any CPU = Ad-Hoc|Any CPU
		Ad-Hoc|ARM = Ad-Hoc|ARM
		Ad-Hoc|iPhone = Ad-Hoc|iPhone
		Ad-Hoc|iPhoneSimulator = Ad-Hoc|iPhoneSimulator
		Ad-Hoc|x86 = Ad-Hoc|x86
		AppStore|Any CPU = AppStore|Any CPU
		AppStore|ARM = AppStore|ARM
		AppStore|iPhone = AppStore|iPhone
		AppStore|iPhoneSimulator = AppStore|iPhoneSimulator
		AppStore|x86 = AppStore|x86
		Debug|Any CPU = Debug|Any CPU
		Debug|ARM = Debug|ARM
		Debug|iPhone = Debug|iPhone
		Debug|iPhoneSimulator = Debug|iPhoneSimulator
		Debug|x86 = Debug|x86
		Release|Any CPU = Release|Any CPU
		Release|ARM = Release|ARM
		Release|iPhone = Release|iPhone
		Release|iPhoneSimulator = Release|iPhoneSimulator
		Release|x86 = Release|x86
	EndGlobalSection
	GlobalSection(ProjectConfigurationPlatforms) = postSolution
		{F1D5A909-D694-4543-8FB3-10B2623D6917}.Ad-Hoc|Any CPU.ActiveCfg = Release|Any CPU
		{F1D5A909-D694-4543-8FB3-10B2623D6917}.Ad-Hoc|Any CPU.Build.0 = Release|Any CPU
		{F1D5A909-D694-4543-8FB3-10B2623D6917}.Ad-Hoc|ARM.ActiveCfg = Release|Any CPU
		{F1D5A909-D694-4543-8FB3-10B2623D6917}.Ad-Hoc|ARM.Build.0 = Release|Any CPU
		{F1D5A909-D694-4543-8FB3-10B2623D6917}.Ad-Hoc|iPhone.ActiveCfg = Release|Any CPU
		{F1D5A909-D694-4543-8FB3-10B2623D6917}.Ad-Hoc|iPhone.Build.0 = Release|Any CPU
		{F1D5A909-D694-4543-8FB3-10B2623D6917}.Ad-Hoc|iPhoneSimulator.ActiveCfg = Release|Any CPU
		{F1D5A909-D694-4543-8FB3-10B2623D6917}.Ad-Hoc|iPhoneSimulator.Build.0 = Release|Any CPU
		{F1D5A909-D694-4543-8FB3-10B2623D6917}.Ad-Hoc|x86.ActiveCfg = Release|Any CPU
		{F1D5A909-D694-4543-8FB3-10B2623D6917}.Ad-Hoc|x86.Build.0 = Release|Any CPU
		{F1D5A909-D694-4543-8FB3-10B2623D6917}.AppStore|Any CPU.ActiveCfg = Release|Any CPU
		{F1D5A909-D694-4543-8FB3-10B2623D6917}.AppStore|Any CPU.Build.0 = Release|Any CPU
		{F1D5A909-D694-4543-8FB3-10B2623D6917}.AppStore|ARM.ActiveCfg = Release|Any CPU
		{F1D5A909-D694-4543-8FB3-10B2623D6917}.AppStore|ARM.Build.0 = Release|Any CPU
		{F1D5A909-D694-4543-8FB3-10B2623D6917}.AppStore|iPhone.ActiveCfg = Release|Any CPU
		{F1D5A909-D694-4543-8FB3-10B2623D6917}.AppStore|iPhone.Build.0 = Release|Any CPU
		{F1D5A909-D694-4543-8FB3-10B2623D6917}.AppStore|iPhoneSimulator.ActiveCfg = Release|Any CPU
		{F1D5A909-D694-4543-8FB3-10B2623D6917}.AppStore|iPhoneSimulator.Build.0 = Release|Any CPU
		{F1D5A909-D694-4543-8FB3-10B2623D6917}.AppStore|x86.ActiveCfg = Release|Any CPU
		{F1D5A909-D694-4543-8FB3-10B2623D6917}.AppStore|x86.Build.0 = Release|Any CPU
		{F1D5A909-D694-4543-8FB3-10B2623D6917}.Debug|Any CPU.ActiveCfg = Debug|Any CPU
		{F1D5A909-D694-4543-8FB3-10B2623D6917}.Debug|Any CPU.Build.0 = Debug|Any CPU
		{F1D5A909-D694-4543-8FB3-10B2623D6917}.Debug|ARM.ActiveCfg = Debug|Any CPU
		{F1D5A909-D694-4543-8FB3-10B2623D6917}.Debug|ARM.Build.0 = Debug|Any CPU
		{F1D5A909-D694-4543-8FB3-10B2623D6917}.Debug|iPhone.ActiveCfg = Debug|Any CPU
		{F1D5A909-D694-4543-8FB3-10B2623D6917}.Debug|iPhone.Build.0 = Debug|Any CPU
		{F1D5A909-D694-4543-8FB3-10B2623D6917}.Debug|iPhoneSimulator.ActiveCfg = Debug|Any CPU
		{F1D5A909-D694-4543-8FB3-10B2623D6917}.Debug|iPhoneSimulator.Build.0 = Debug|Any CPU
		{F1D5A909-D694-4543-8FB3-10B2623D6917}.Debug|x86.ActiveCfg = Debug|Any CPU
		{F1D5A909-D694-4543-8FB3-10B2623D6917}.Debug|x86.Build.0 = Debug|Any CPU
		{F1D5A909-D694-4543-8FB3-10B2623D6917}.Release|Any CPU.ActiveCfg = Release|Any CPU
		{F1D5A909-D694-4543-8FB3-10B2623D6917}.Release|Any CPU.Build.0 = Release|Any CPU
		{F1D5A909-D694-4543-8FB3-10B2623D6917}.Release|ARM.ActiveCfg = Release|Any CPU
		{F1D5A909-D694-4543-8FB3-10B2623D6917}.Release|ARM.Build.0 = Release|Any CPU
		{F1D5A909-D694-4543-8FB3-10B2623D6917}.Release|iPhone.ActiveCfg = Release|Any CPU
		{F1D5A909-D694-4543-8FB3-10B2623D6917}.Release|iPhone.Build.0 = Release|Any CPU
		{F1D5A909-D694-4543-8FB3-10B2623D6917}.Release|iPhoneSimulator.ActiveCfg = Release|Any CPU
		{F1D5A909-D694-4543-8FB3-10B2623D6917}.Release|iPhoneSimulator.Build.0 = Release|Any CPU
		{F1D5A909-D694-4543-8FB3-10B2623D6917}.Release|x86.ActiveCfg = Release|Any CPU
		{F1D5A909-D694-4543-8FB3-10B2623D6917}.Release|x86.Build.0 = Release|Any CPU
		{1BA238DA-2E80-434F-AC96-E8950B5FE290}.Ad-Hoc|Any CPU.ActiveCfg = Ad-Hoc|iPhone
		{1BA238DA-2E80-434F-AC96-E8950B5FE290}.Ad-Hoc|ARM.ActiveCfg = Ad-Hoc|iPhone
		{1BA238DA-2E80-434F-AC96-E8950B5FE290}.Ad-Hoc|iPhone.ActiveCfg = Ad-Hoc|iPhone
		{1BA238DA-2E80-434F-AC96-E8950B5FE290}.Ad-Hoc|iPhone.Build.0 = Ad-Hoc|iPhone
		{1BA238DA-2E80-434F-AC96-E8950B5FE290}.Ad-Hoc|iPhoneSimulator.ActiveCfg = Ad-Hoc|iPhoneSimulator
		{1BA238DA-2E80-434F-AC96-E8950B5FE290}.Ad-Hoc|iPhoneSimulator.Build.0 = Ad-Hoc|iPhoneSimulator
		{1BA238DA-2E80-434F-AC96-E8950B5FE290}.Ad-Hoc|x86.ActiveCfg = Ad-Hoc|iPhone
		{1BA238DA-2E80-434F-AC96-E8950B5FE290}.AppStore|Any CPU.ActiveCfg = AppStore|iPhone
		{1BA238DA-2E80-434F-AC96-E8950B5FE290}.AppStore|ARM.ActiveCfg = AppStore|iPhone
		{1BA238DA-2E80-434F-AC96-E8950B5FE290}.AppStore|iPhone.ActiveCfg = AppStore|iPhone
		{1BA238DA-2E80-434F-AC96-E8950B5FE290}.AppStore|iPhone.Build.0 = AppStore|iPhone
		{1BA238DA-2E80-434F-AC96-E8950B5FE290}.AppStore|iPhoneSimulator.ActiveCfg = AppStore|iPhoneSimulator
		{1BA238DA-2E80-434F-AC96-E8950B5FE290}.AppStore|iPhoneSimulator.Build.0 = AppStore|iPhoneSimulator
		{1BA238DA-2E80-434F-AC96-E8950B5FE290}.AppStore|x86.ActiveCfg = AppStore|iPhone
		{1BA238DA-2E80-434F-AC96-E8950B5FE290}.Debug|Any CPU.ActiveCfg = Debug|iPhone
		{1BA238DA-2E80-434F-AC96-E8950B5FE290}.Debug|ARM.ActiveCfg = Debug|iPhone
		{1BA238DA-2E80-434F-AC96-E8950B5FE290}.Debug|iPhone.ActiveCfg = Debug|iPhone
		{1BA238DA-2E80-434F-AC96-E8950B5FE290}.Debug|iPhone.Build.0 = Debug|iPhone
		{1BA238DA-2E80-434F-AC96-E8950B5FE290}.Debug|iPhoneSimulator.ActiveCfg = Debug|iPhoneSimulator
		{1BA238DA-2E80-434F-AC96-E8950B5FE290}.Debug|iPhoneSimulator.Build.0 = Debug|iPhoneSimulator
		{1BA238DA-2E80-434F-AC96-E8950B5FE290}.Debug|x86.ActiveCfg = Debug|iPhone
		{1BA238DA-2E80-434F-AC96-E8950B5FE290}.Release|Any CPU.ActiveCfg = Release|iPhone
		{1BA238DA-2E80-434F-AC96-E8950B5FE290}.Release|ARM.ActiveCfg = Release|iPhone
		{1BA238DA-2E80-434F-AC96-E8950B5FE290}.Release|iPhone.ActiveCfg = Release|iPhone
		{1BA238DA-2E80-434F-AC96-E8950B5FE290}.Release|iPhone.Build.0 = Release|iPhone
		{1BA238DA-2E80-434F-AC96-E8950B5FE290}.Release|iPhoneSimulator.ActiveCfg = Release|iPhoneSimulator
		{1BA238DA-2E80-434F-AC96-E8950B5FE290}.Release|iPhoneSimulator.Build.0 = Release|iPhoneSimulator
		{1BA238DA-2E80-434F-AC96-E8950B5FE290}.Release|x86.ActiveCfg = Release|iPhone
		{7CAFC271-AC5A-43C4-B827-A2541A0E68E1}.Ad-Hoc|Any CPU.ActiveCfg = Release|Any CPU
		{7CAFC271-AC5A-43C4-B827-A2541A0E68E1}.Ad-Hoc|Any CPU.Build.0 = Release|Any CPU
		{7CAFC271-AC5A-43C4-B827-A2541A0E68E1}.Ad-Hoc|Any CPU.Deploy.0 = Release|Any CPU
		{7CAFC271-AC5A-43C4-B827-A2541A0E68E1}.Ad-Hoc|ARM.ActiveCfg = Release|Any CPU
		{7CAFC271-AC5A-43C4-B827-A2541A0E68E1}.Ad-Hoc|ARM.Build.0 = Release|Any CPU
		{7CAFC271-AC5A-43C4-B827-A2541A0E68E1}.Ad-Hoc|ARM.Deploy.0 = Release|Any CPU
		{7CAFC271-AC5A-43C4-B827-A2541A0E68E1}.Ad-Hoc|iPhone.ActiveCfg = Release|Any CPU
		{7CAFC271-AC5A-43C4-B827-A2541A0E68E1}.Ad-Hoc|iPhone.Build.0 = Release|Any CPU
		{7CAFC271-AC5A-43C4-B827-A2541A0E68E1}.Ad-Hoc|iPhone.Deploy.0 = Release|Any CPU
		{7CAFC271-AC5A-43C4-B827-A2541A0E68E1}.Ad-Hoc|iPhoneSimulator.ActiveCfg = Release|Any CPU
		{7CAFC271-AC5A-43C4-B827-A2541A0E68E1}.Ad-Hoc|iPhoneSimulator.Build.0 = Release|Any CPU
		{7CAFC271-AC5A-43C4-B827-A2541A0E68E1}.Ad-Hoc|iPhoneSimulator.Deploy.0 = Release|Any CPU
		{7CAFC271-AC5A-43C4-B827-A2541A0E68E1}.Ad-Hoc|x86.ActiveCfg = Release|Any CPU
		{7CAFC271-AC5A-43C4-B827-A2541A0E68E1}.Ad-Hoc|x86.Build.0 = Release|Any CPU
		{7CAFC271-AC5A-43C4-B827-A2541A0E68E1}.Ad-Hoc|x86.Deploy.0 = Release|Any CPU
		{7CAFC271-AC5A-43C4-B827-A2541A0E68E1}.AppStore|Any CPU.ActiveCfg = Release|Any CPU
		{7CAFC271-AC5A-43C4-B827-A2541A0E68E1}.AppStore|Any CPU.Build.0 = Release|Any CPU
		{7CAFC271-AC5A-43C4-B827-A2541A0E68E1}.AppStore|Any CPU.Deploy.0 = Release|Any CPU
		{7CAFC271-AC5A-43C4-B827-A2541A0E68E1}.AppStore|ARM.ActiveCfg = Release|Any CPU
		{7CAFC271-AC5A-43C4-B827-A2541A0E68E1}.AppStore|ARM.Build.0 = Release|Any CPU
		{7CAFC271-AC5A-43C4-B827-A2541A0E68E1}.AppStore|ARM.Deploy.0 = Release|Any CPU
		{7CAFC271-AC5A-43C4-B827-A2541A0E68E1}.AppStore|iPhone.ActiveCfg = Release|Any CPU
		{7CAFC271-AC5A-43C4-B827-A2541A0E68E1}.AppStore|iPhone.Build.0 = Release|Any CPU
		{7CAFC271-AC5A-43C4-B827-A2541A0E68E1}.AppStore|iPhone.Deploy.0 = Release|Any CPU
		{7CAFC271-AC5A-43C4-B827-A2541A0E68E1}.AppStore|iPhoneSimulator.ActiveCfg = Release|Any CPU
		{7CAFC271-AC5A-43C4-B827-A2541A0E68E1}.AppStore|iPhoneSimulator.Build.0 = Release|Any CPU
		{7CAFC271-AC5A-43C4-B827-A2541A0E68E1}.AppStore|iPhoneSimulator.Deploy.0 = Release|Any CPU
		{7CAFC271-AC5A-43C4-B827-A2541A0E68E1}.AppStore|x86.ActiveCfg = Release|Any CPU
		{7CAFC271-AC5A-43C4-B827-A2541A0E68E1}.AppStore|x86.Build.0 = Release|Any CPU
		{7CAFC271-AC5A-43C4-B827-A2541A0E68E1}.AppStore|x86.Deploy.0 = Release|Any CPU
		{7CAFC271-AC5A-43C4-B827-A2541A0E68E1}.Debug|Any CPU.ActiveCfg = Debug|Any CPU
		{7CAFC271-AC5A-43C4-B827-A2541A0E68E1}.Debug|Any CPU.Build.0 = Debug|Any CPU
		{7CAFC271-AC5A-43C4-B827-A2541A0E68E1}.Debug|Any CPU.Deploy.0 = Debug|Any CPU
		{7CAFC271-AC5A-43C4-B827-A2541A0E68E1}.Debug|ARM.ActiveCfg = Debug|Any CPU
		{7CAFC271-AC5A-43C4-B827-A2541A0E68E1}.Debug|ARM.Build.0 = Debug|Any CPU
		{7CAFC271-AC5A-43C4-B827-A2541A0E68E1}.Debug|ARM.Deploy.0 = Debug|Any CPU
		{7CAFC271-AC5A-43C4-B827-A2541A0E68E1}.Debug|iPhone.ActiveCfg = Debug|Any CPU
		{7CAFC271-AC5A-43C4-B827-A2541A0E68E1}.Debug|iPhone.Build.0 = Debug|Any CPU
		{7CAFC271-AC5A-43C4-B827-A2541A0E68E1}.Debug|iPhone.Deploy.0 = Debug|Any CPU
		{7CAFC271-AC5A-43C4-B827-A2541A0E68E1}.Debug|iPhoneSimulator.ActiveCfg = Debug|Any CPU
		{7CAFC271-AC5A-43C4-B827-A2541A0E68E1}.Debug|iPhoneSimulator.Build.0 = Debug|Any CPU
		{7CAFC271-AC5A-43C4-B827-A2541A0E68E1}.Debug|iPhoneSimulator.Deploy.0 = Debug|Any CPU
		{7CAFC271-AC5A-43C4-B827-A2541A0E68E1}.Debug|x86.ActiveCfg = Debug|Any CPU
		{7CAFC271-AC5A-43C4-B827-A2541A0E68E1}.Debug|x86.Build.0 = Debug|Any CPU
		{7CAFC271-AC5A-43C4-B827-A2541A0E68E1}.Debug|x86.Deploy.0 = Debug|Any CPU
		{7CAFC271-AC5A-43C4-B827-A2541A0E68E1}.Release|Any CPU.ActiveCfg = Release|Any CPU
		{7CAFC271-AC5A-43C4-B827-A2541A0E68E1}.Release|Any CPU.Build.0 = Release|Any CPU
		{7CAFC271-AC5A-43C4-B827-A2541A0E68E1}.Release|Any CPU.Deploy.0 = Release|Any CPU
		{7CAFC271-AC5A-43C4-B827-A2541A0E68E1}.Release|ARM.ActiveCfg = Release|Any CPU
		{7CAFC271-AC5A-43C4-B827-A2541A0E68E1}.Release|ARM.Build.0 = Release|Any CPU
		{7CAFC271-AC5A-43C4-B827-A2541A0E68E1}.Release|ARM.Deploy.0 = Release|Any CPU
		{7CAFC271-AC5A-43C4-B827-A2541A0E68E1}.Release|iPhone.ActiveCfg = Release|Any CPU
		{7CAFC271-AC5A-43C4-B827-A2541A0E68E1}.Release|iPhone.Build.0 = Release|Any CPU
		{7CAFC271-AC5A-43C4-B827-A2541A0E68E1}.Release|iPhone.Deploy.0 = Release|Any CPU
		{7CAFC271-AC5A-43C4-B827-A2541A0E68E1}.Release|iPhoneSimulator.ActiveCfg = Release|Any CPU
		{7CAFC271-AC5A-43C4-B827-A2541A0E68E1}.Release|iPhoneSimulator.Build.0 = Release|Any CPU
		{7CAFC271-AC5A-43C4-B827-A2541A0E68E1}.Release|iPhoneSimulator.Deploy.0 = Release|Any CPU
		{7CAFC271-AC5A-43C4-B827-A2541A0E68E1}.Release|x86.ActiveCfg = Release|Any CPU
		{7CAFC271-AC5A-43C4-B827-A2541A0E68E1}.Release|x86.Build.0 = Release|Any CPU
		{7CAFC271-AC5A-43C4-B827-A2541A0E68E1}.Release|x86.Deploy.0 = Release|Any CPU
		{307D8D65-0FC1-4243-846D-CC77D1C0C59B}.Ad-Hoc|Any CPU.ActiveCfg = Release|Any CPU
		{307D8D65-0FC1-4243-846D-CC77D1C0C59B}.Ad-Hoc|Any CPU.Build.0 = Release|Any CPU
		{307D8D65-0FC1-4243-846D-CC77D1C0C59B}.Ad-Hoc|Any CPU.Deploy.0 = Release|Any CPU
		{307D8D65-0FC1-4243-846D-CC77D1C0C59B}.Ad-Hoc|ARM.ActiveCfg = Release|ARM
		{307D8D65-0FC1-4243-846D-CC77D1C0C59B}.Ad-Hoc|ARM.Build.0 = Release|ARM
		{307D8D65-0FC1-4243-846D-CC77D1C0C59B}.Ad-Hoc|ARM.Deploy.0 = Release|ARM
		{307D8D65-0FC1-4243-846D-CC77D1C0C59B}.Ad-Hoc|iPhone.ActiveCfg = Release|Any CPU
		{307D8D65-0FC1-4243-846D-CC77D1C0C59B}.Ad-Hoc|iPhone.Build.0 = Release|Any CPU
		{307D8D65-0FC1-4243-846D-CC77D1C0C59B}.Ad-Hoc|iPhone.Deploy.0 = Release|Any CPU
		{307D8D65-0FC1-4243-846D-CC77D1C0C59B}.Ad-Hoc|iPhoneSimulator.ActiveCfg = Release|Any CPU
		{307D8D65-0FC1-4243-846D-CC77D1C0C59B}.Ad-Hoc|iPhoneSimulator.Build.0 = Release|Any CPU
		{307D8D65-0FC1-4243-846D-CC77D1C0C59B}.Ad-Hoc|iPhoneSimulator.Deploy.0 = Release|Any CPU
		{307D8D65-0FC1-4243-846D-CC77D1C0C59B}.Ad-Hoc|x86.ActiveCfg = Release|x86
		{307D8D65-0FC1-4243-846D-CC77D1C0C59B}.Ad-Hoc|x86.Build.0 = Release|x86
		{307D8D65-0FC1-4243-846D-CC77D1C0C59B}.Ad-Hoc|x86.Deploy.0 = Release|x86
		{307D8D65-0FC1-4243-846D-CC77D1C0C59B}.AppStore|Any CPU.ActiveCfg = Release|Any CPU
		{307D8D65-0FC1-4243-846D-CC77D1C0C59B}.AppStore|Any CPU.Build.0 = Release|Any CPU
		{307D8D65-0FC1-4243-846D-CC77D1C0C59B}.AppStore|Any CPU.Deploy.0 = Release|Any CPU
		{307D8D65-0FC1-4243-846D-CC77D1C0C59B}.AppStore|ARM.ActiveCfg = Release|ARM
		{307D8D65-0FC1-4243-846D-CC77D1C0C59B}.AppStore|ARM.Build.0 = Release|ARM
		{307D8D65-0FC1-4243-846D-CC77D1C0C59B}.AppStore|ARM.Deploy.0 = Release|ARM
		{307D8D65-0FC1-4243-846D-CC77D1C0C59B}.AppStore|iPhone.ActiveCfg = Release|Any CPU
		{307D8D65-0FC1-4243-846D-CC77D1C0C59B}.AppStore|iPhone.Build.0 = Release|Any CPU
		{307D8D65-0FC1-4243-846D-CC77D1C0C59B}.AppStore|iPhone.Deploy.0 = Release|Any CPU
		{307D8D65-0FC1-4243-846D-CC77D1C0C59B}.AppStore|iPhoneSimulator.ActiveCfg = Release|Any CPU
		{307D8D65-0FC1-4243-846D-CC77D1C0C59B}.AppStore|iPhoneSimulator.Build.0 = Release|Any CPU
		{307D8D65-0FC1-4243-846D-CC77D1C0C59B}.AppStore|iPhoneSimulator.Deploy.0 = Release|Any CPU
		{307D8D65-0FC1-4243-846D-CC77D1C0C59B}.AppStore|x86.ActiveCfg = Release|x86
		{307D8D65-0FC1-4243-846D-CC77D1C0C59B}.AppStore|x86.Build.0 = Release|x86
		{307D8D65-0FC1-4243-846D-CC77D1C0C59B}.AppStore|x86.Deploy.0 = Release|x86
		{307D8D65-0FC1-4243-846D-CC77D1C0C59B}.Debug|Any CPU.ActiveCfg = Debug|Any CPU
		{307D8D65-0FC1-4243-846D-CC77D1C0C59B}.Debug|Any CPU.Build.0 = Debug|Any CPU
		{307D8D65-0FC1-4243-846D-CC77D1C0C59B}.Debug|Any CPU.Deploy.0 = Debug|Any CPU
		{307D8D65-0FC1-4243-846D-CC77D1C0C59B}.Debug|ARM.ActiveCfg = Debug|ARM
		{307D8D65-0FC1-4243-846D-CC77D1C0C59B}.Debug|ARM.Build.0 = Debug|ARM
		{307D8D65-0FC1-4243-846D-CC77D1C0C59B}.Debug|ARM.Deploy.0 = Debug|ARM
		{307D8D65-0FC1-4243-846D-CC77D1C0C59B}.Debug|iPhone.ActiveCfg = Debug|Any CPU
		{307D8D65-0FC1-4243-846D-CC77D1C0C59B}.Debug|iPhone.Build.0 = Debug|Any CPU
		{307D8D65-0FC1-4243-846D-CC77D1C0C59B}.Debug|iPhone.Deploy.0 = Debug|Any CPU
		{307D8D65-0FC1-4243-846D-CC77D1C0C59B}.Debug|iPhoneSimulator.ActiveCfg = Debug|Any CPU
		{307D8D65-0FC1-4243-846D-CC77D1C0C59B}.Debug|iPhoneSimulator.Build.0 = Debug|Any CPU
		{307D8D65-0FC1-4243-846D-CC77D1C0C59B}.Debug|iPhoneSimulator.Deploy.0 = Debug|Any CPU
		{307D8D65-0FC1-4243-846D-CC77D1C0C59B}.Debug|x86.ActiveCfg = Debug|x86
		{307D8D65-0FC1-4243-846D-CC77D1C0C59B}.Debug|x86.Build.0 = Debug|x86
		{307D8D65-0FC1-4243-846D-CC77D1C0C59B}.Debug|x86.Deploy.0 = Debug|x86
		{307D8D65-0FC1-4243-846D-CC77D1C0C59B}.Release|Any CPU.ActiveCfg = Release|Any CPU
		{307D8D65-0FC1-4243-846D-CC77D1C0C59B}.Release|Any CPU.Build.0 = Release|Any CPU
		{307D8D65-0FC1-4243-846D-CC77D1C0C59B}.Release|Any CPU.Deploy.0 = Release|Any CPU
		{307D8D65-0FC1-4243-846D-CC77D1C0C59B}.Release|ARM.ActiveCfg = Release|ARM
		{307D8D65-0FC1-4243-846D-CC77D1C0C59B}.Release|ARM.Build.0 = Release|ARM
		{307D8D65-0FC1-4243-846D-CC77D1C0C59B}.Release|ARM.Deploy.0 = Release|ARM
		{307D8D65-0FC1-4243-846D-CC77D1C0C59B}.Release|iPhone.ActiveCfg = Release|Any CPU
		{307D8D65-0FC1-4243-846D-CC77D1C0C59B}.Release|iPhone.Build.0 = Release|Any CPU
		{307D8D65-0FC1-4243-846D-CC77D1C0C59B}.Release|iPhone.Deploy.0 = Release|Any CPU
		{307D8D65-0FC1-4243-846D-CC77D1C0C59B}.Release|iPhoneSimulator.ActiveCfg = Release|Any CPU
		{307D8D65-0FC1-4243-846D-CC77D1C0C59B}.Release|iPhoneSimulator.Build.0 = Release|Any CPU
		{307D8D65-0FC1-4243-846D-CC77D1C0C59B}.Release|iPhoneSimulator.Deploy.0 = Release|Any CPU
		{307D8D65-0FC1-4243-846D-CC77D1C0C59B}.Release|x86.ActiveCfg = Release|x86
		{307D8D65-0FC1-4243-846D-CC77D1C0C59B}.Release|x86.Build.0 = Release|x86
		{307D8D65-0FC1-4243-846D-CC77D1C0C59B}.Release|x86.Deploy.0 = Release|x86
	EndGlobalSection
	GlobalSection(SolutionProperties) = preSolution
		HideSolutionNode = FALSE
	EndGlobalSection
EndGlobal
